
Microsoft Visual Studio Solution File, Format Version 12.00
# Visual Studio 14
VisualStudioVersion = 14.0.25420.1
MinimumVisualStudioVersion = 10.0.40219.1
Project("{FAE04EC0-301F-11D3-BF4B-00C04F79EFBC}") = "Forlorn", "Forlorn\Forlorn\Forlorn.csproj", "{0DB543B3-2E61-4B9C-85E5-9F89C9485EB7}"
EndProject
Project("{96E2B04D-8817-42C6-938A-82C39BA4D311}") = "ForlornContent", "Forlorn\ForlornContent\ForlornContent.contentproj", "{AD08A366-AF43-420E-99D2-F9752E471FDB}"
EndProject
Global
	GlobalSection(SolutionConfigurationPlatforms) = preSolution
		Debug|x86 = Debug|x86
		Release|x86 = Release|x86
	EndGlobalSection
	GlobalSection(ProjectConfigurationPlatforms) = postSolution
		{0DB543B3-2E61-4B9C-85E5-9F89C9485EB7}.Debug|x86.ActiveCfg = Debug|x86
		{0DB543B3-2E61-4B9C-85E5-9F89C9485EB7}.Debug|x86.Build.0 = Debug|x86
		{0DB543B3-2E61-4B9C-85E5-9F89C9485EB7}.Release|x86.ActiveCfg = Release|x86
		{0DB543B3-2E61-4B9C-85E5-9F89C9485EB7}.Release|x86.Build.0 = Release|x86
		{AD08A366-AF43-420E-99D2-F9752E471FDB}.Debug|x86.ActiveCfg = Debug|x86
		{AD08A366-AF43-420E-99D2-F9752E471FDB}.Release|x86.ActiveCfg = Release|x86
	EndGlobalSection
	GlobalSection(SolutionProperties) = preSolution
		HideSolutionNode = FALSE
	EndGlobalSection
EndGlobal
